
Microsoft Visual Studio Solution File, Format Version 12.00
# Visual Studio Version 17
VisualStudioVersion = 17.9.34902.65
MinimumVisualStudioVersion = 10.0.40219.1
Project("{FAE04EC0-301F-11D3-BF4B-00C04F79EFBC}") = "adventofcode", "adventofcode.csproj", "{121F6402-5E6B-4082-A6DA-7325713B07DC}"
EndProject
Global
	GlobalSection(SolutionConfigurationPlatforms) = preSolution
		Debug|Any CPU = Debug|Any CPU
		Release|Any CPU = Release|Any CPU
	EndGlobalSection
	GlobalSection(ProjectConfigurationPlatforms) = postSolution
		{121F6402-5E6B-4082-A6DA-7325713B07DC}.Debug|Any CPU.ActiveCfg = Debug|Any CPU
		{121F6402-5E6B-4082-A6DA-7325713B07DC}.Debug|Any CPU.Build.0 = Debug|Any CPU
		{121F6402-5E6B-4082-A6DA-7325713B07DC}.Release|Any CPU.ActiveCfg = Release|Any CPU
		{121F6402-5E6B-4082-A6DA-7325713B07DC}.Release|Any CPU.Build.0 = Release|Any CPU
	EndGlobalSection
	GlobalSection(SolutionProperties) = preSolution
		HideSolutionNode = FALSE
	EndGlobalSection
	GlobalSection(ExtensibilityGlobals) = postSolution
		SolutionGuid = {80D1C899-9D09-481E-B8CE-90D275D5D91A}
	EndGlobalSection
EndGlobal
